{
  "name": "gamestore-fstp",
  "lockfileVersion": 3,
  "requires": true,
  "packages": {
    "": {
      "devDependencies": {
        "husk": "^0.5.3"
      }
    },
    "node_modules/async-stream-flow": {
      "version": "1.0.2",
      "resolved": "https://registry.npmjs.org/async-stream-flow/-/async-stream-flow-1.0.2.tgz",
      "integrity": "sha512-Iy1ynz7dKRhlvypxRm3zLbPDJsYaeKOQRfxRhZEM3ZZCNq3N0jR/T6KRUJxWVf9AHi5ynj/Wp4L7gATeLGSW9g==",
      "dev": true,
      "dependencies": {
        "through3": "~1.1.5"
      }
    },
    "node_modules/fs-flow": {
      "version": "1.0.2",
      "resolved": "https://registry.npmjs.org/fs-flow/-/fs-flow-1.0.2.tgz",
      "integrity": "sha512-AUYZEh7fNmZFHm8w2S4rs0oaJg0l/a8AXLAAFqu/ulmpbPoIxkovrfw/j9GcAYxIc3Oj7eRIibTX82s5+nCtag==",
      "dev": true,
      "dependencies": {
        "async-stream-flow": "~1.0.1",
        "through3": "~1.1.5"
      }
    },
    "node_modules/husk": {
      "version": "0.5.3",
      "resolved": "https://registry.npmjs.org/husk/-/husk-0.5.3.tgz",
      "integrity": "sha512-4rLByTytY2LtiuyiRQ20C4AmSZ0+/imh1557r92TFcgAgeTgcsVwHlGLi2nO4QNiEKhvhlPj9HuCjKWfwNtwYA==",
      "dev": true,
      "license": "MIT",
      "dependencies": {
        "husk-async": "~1.0.2",
        "husk-core": "~1.0.4",
        "husk-exec": "~1.0.4",
        "husk-fs": "~1.0.2",
        "zephyr": "~1.2.6"
      }
    },
    "node_modules/husk-async": {
      "version": "1.0.3",
      "resolved": "https://registry.npmjs.org/husk-async/-/husk-async-1.0.3.tgz",
      "integrity": "sha512-VW6/vJKdnhbybdeh4e0ITZ1azI50xmTUrfBSuZhOcTxTOyinJLt1/RsegJXmK+c92MzcOr9WsOJpSt6EZW11xg==",
      "dev": true,
      "dependencies": {
        "async-stream-flow": "~1.0.1"
      }
    },
    "node_modules/husk-core": {
      "version": "1.0.4",
      "resolved": "https://registry.npmjs.org/husk-core/-/husk-core-1.0.4.tgz",
      "integrity": "sha512-duZv9ZJFlUt44vwEGLW1HvnzL9kS6AQklydtOYRJ4BT9O9aZ1Aixtt0sBv7b2dTicchYMpSkdJJNVpC8BKT0cA==",
      "dev": true,
      "dependencies": {
        "husk-print": "~1.0.2",
        "husk-through": "~1.0.2"
      }
    },
    "node_modules/husk-exec": {
      "version": "1.0.4",
      "resolved": "https://registry.npmjs.org/husk-exec/-/husk-exec-1.0.4.tgz",
      "integrity": "sha512-eHZH+pYbDGFZXxvvvUhi0Jj8QA4963XpjuYk11ytK/oF2LcLGp9dzng7OUytHa9Y+EucdfGl+7js9Klurwntyw==",
      "dev": true,
      "dependencies": {
        "process-flow": "~1.0.2"
      }
    },
    "node_modules/husk-fs": {
      "version": "1.0.3",
      "resolved": "https://registry.npmjs.org/husk-fs/-/husk-fs-1.0.3.tgz",
      "integrity": "sha512-OizyOaE/FlV/11SOWUOvgBmIvZD3/bGghKQafzNtq4I6VePWZ2kH3q1zuck1cLfhOcYztdVdZaOaRC+rFHOcBg==",
      "dev": true,
      "dependencies": {
        "fs-flow": "~1.0.1"
      }
    },
    "node_modules/husk-print": {
      "version": "1.0.3",
      "resolved": "https://registry.npmjs.org/husk-print/-/husk-print-1.0.3.tgz",
      "integrity": "sha512-paJ8IGpFoS9vKdWHS4tqtiwoF6dX48Il4z1/yP+9ulEwm6RTpC42mkKAj6MtD+CIYAxCLAwYvkTwMqh1Vg/KWg==",
      "dev": true,
      "dependencies": {
        "print-flow": "~1.0.2"
      }
    },
    "node_modules/husk-through": {
      "version": "1.0.2",
      "resolved": "https://registry.npmjs.org/husk-through/-/husk-through-1.0.2.tgz",
      "integrity": "sha512-hm0xz/MkfZDxHm0PFm07sb+FuHTHCtPHeXNcBtf0Kl/vKx2hQoliYU1NC5JVjO+fe79z4uCBfI9/l3rFctIFwg==",
      "dev": true,
      "dependencies": {
        "through-flow": "~1.0.1"
      }
    },
    "node_modules/print-flow": {
      "version": "1.0.2",
      "resolved": "https://registry.npmjs.org/print-flow/-/print-flow-1.0.2.tgz",
      "integrity": "sha512-yg5dgWP8pvtV0vWEQNXP47Nwnmt+3gOJg0EgH6mXfrUUlz/fVX7Xkif5gGMiSDMq3QGwswE3RoTlgzSMpRLs1g==",
      "dev": true,
      "dependencies": {
        "through3": "~1.1.5"
      }
    },
    "node_modules/process-flow": {
      "version": "1.0.2",
      "resolved": "https://registry.npmjs.org/process-flow/-/process-flow-1.0.2.tgz",
      "integrity": "sha512-MJGNN728wtacWIPgp+bsUKwtNX9aKOw2HZVD+jrnZkTMCf4jrhvZnZnEaz6NUHKEy7rEFmz6sVDmz7O2k06xvQ==",
      "dev": true,
      "dependencies": {
        "through3": "~1.1.5"
      }
    },
    "node_modules/through-flow": {
      "version": "1.0.2",
      "resolved": "https://registry.npmjs.org/through-flow/-/through-flow-1.0.2.tgz",
      "integrity": "sha512-j6IAxjqlbQAdQ45aQ2qw/TLdOsh3mzsaOtnMnw2ceW6N+zowlQZX3EXLhnqoa6Sz+NUdZdxzAEQhLTXSXHVoNw==",
      "dev": true,
      "dependencies": {
        "through3": "~1.1.5"
      }
    },
    "node_modules/through3": {
      "version": "1.1.7",
      "resolved": "https://registry.npmjs.org/through3/-/through3-1.1.7.tgz",
      "integrity": "sha512-9bUZXDGridMzC3uqRKw+ilb4n4S0Fo6AQNi9wM9zBYHJpQVsfI4JaroFSACXmDKViL+upDI3+V/io3UwlCTmtA==",
      "dev": true,
      "license": "MIT"
    },
    "node_modules/zephyr": {
      "version": "1.2.8",
      "resolved": "https://registry.npmjs.org/zephyr/-/zephyr-1.2.8.tgz",
      "integrity": "sha512-Evw01lEec5dp3gUlyKrCSRlZpcO2FpRq+SgpA1Ha9YgGKY2kFkGh6S3nVgzCagN9HtD//vmET/fQzojiK+NYog==",
      "dev": true
    }
  }
}
